
Microsoft Visual Studio Solution File, Format Version 12.00
Project("{2150E333-8FDC-42A3-9474-1A3956D46DE8}") = "src", "src", "{827E0CD3-B72D-47B6-A68D-7590B98EB39B}"
EndProject
Project("{2150E333-8FDC-42A3-9474-1A3956D46DE8}") = "Services", "Services", "{984BB9B3-3FA3-BE33-9484-CAC21695A33C}"
EndProject
Project("{2150E333-8FDC-42A3-9474-1A3956D46DE8}") = "Topic.CommandService", "Topic.CommandService", "{2571794C-F629-6E69-5BE1-585D0251D503}"
EndProject
Project("{FAE04EC0-301F-11D3-BF4B-00C04F79EFBC}") = "Topic.CommandService.Api", "src\Services\Topic.CommandService\Topic.CommandService.Api\Topic.CommandService.Api.csproj", "{B2E1019F-58A6-4F4E-A22E-51C54EB61D67}"
EndProject
Project("{FAE04EC0-301F-11D3-BF4B-00C04F79EFBC}") = "Topic.CommandService.Domain", "src\Services\Topic.CommandService\Topic.CommandService.Domain\Topic.CommandService.Domain.csproj", "{1F0C4F3C-4278-47BE-ADCD-B5C6376D48CA}"
EndProject
Project("{FAE04EC0-301F-11D3-BF4B-00C04F79EFBC}") = "Topic.CommandService.Infrastructure", "src\Services\Topic.CommandService\Topic.CommandService.Infrastructure\Topic.CommandService.Infrastructure.csproj", "{016DC96E-8F2E-40B7-BA9B-211F64476FE4}"
EndProject
Project("{FAE04EC0-301F-11D3-BF4B-00C04F79EFBC}") = "Topic.QueryService.Api", "src\Services\Topic.QueryService\Topic.QueryService.Api\Topic.QueryService.Api.csproj", "{5414E6FD-A9FD-4180-A5BF-E9490395E4C3}"
EndProject
Project("{FAE04EC0-301F-11D3-BF4B-00C04F79EFBC}") = "Topic.QueryService.Domain", "src\Services\Topic.QueryService\Topic.QueryService.Domain\Topic.QueryService.Domain.csproj", "{71D4AE27-C5D7-4C41-85A9-B8903BBBDDDC}"
EndProject
Project("{FAE04EC0-301F-11D3-BF4B-00C04F79EFBC}") = "Topic.QueryService.Infrastructure", "src\Services\Topic.QueryService\Topic.QueryService.Infrastructure\Topic.QueryService.Infrastructure.csproj", "{C70A2845-444C-4FBC-BADA-26BFAD9AD47B}"
EndProject
Project("{FAE04EC0-301F-11D3-BF4B-00C04F79EFBC}") = "Core", "src\Shared\BuildingBlocks\Core\Core.csproj", "{34FD2235-8006-41AF-824D-AE88A2199359}"
EndProject
Project("{2150E333-8FDC-42A3-9474-1A3956D46DE8}") = "Shared", "Shared", "{C8E42992-5E42-0C2B-DBFE-AA848D06431C}"
EndProject
Project("{2150E333-8FDC-42A3-9474-1A3956D46DE8}") = "BuildingBlocks", "BuildingBlocks", "{B045E501-5141-1E89-B4C7-6693A100DAF5}"
EndProject
Project("{2150E333-8FDC-42A3-9474-1A3956D46DE8}") = "Topic.QueryService", "Topic.QueryService", "{C534A4B4-8913-19FE-203B-01772FA7B417}"
EndProject
Global
	GlobalSection(SolutionConfigurationPlatforms) = preSolution
		Debug|Any CPU = Debug|Any CPU
		Debug|x64 = Debug|x64
		Debug|x86 = Debug|x86
		Release|Any CPU = Release|Any CPU
		Release|x64 = Release|x64
		Release|x86 = Release|x86
	EndGlobalSection
	GlobalSection(ProjectConfigurationPlatforms) = postSolution
		{B2E1019F-58A6-4F4E-A22E-51C54EB61D67}.Debug|Any CPU.ActiveCfg = Debug|Any CPU
		{B2E1019F-58A6-4F4E-A22E-51C54EB61D67}.Debug|Any CPU.Build.0 = Debug|Any CPU
		{B2E1019F-58A6-4F4E-A22E-51C54EB61D67}.Debug|x64.ActiveCfg = Debug|Any CPU
		{B2E1019F-58A6-4F4E-A22E-51C54EB61D67}.Debug|x64.Build.0 = Debug|Any CPU
		{B2E1019F-58A6-4F4E-A22E-51C54EB61D67}.Debug|x86.ActiveCfg = Debug|Any CPU
		{B2E1019F-58A6-4F4E-A22E-51C54EB61D67}.Debug|x86.Build.0 = Debug|Any CPU
		{B2E1019F-58A6-4F4E-A22E-51C54EB61D67}.Release|Any CPU.ActiveCfg = Release|Any CPU
		{B2E1019F-58A6-4F4E-A22E-51C54EB61D67}.Release|Any CPU.Build.0 = Release|Any CPU
		{B2E1019F-58A6-4F4E-A22E-51C54EB61D67}.Release|x64.ActiveCfg = Release|Any CPU
		{B2E1019F-58A6-4F4E-A22E-51C54EB61D67}.Release|x64.Build.0 = Release|Any CPU
		{B2E1019F-58A6-4F4E-A22E-51C54EB61D67}.Release|x86.ActiveCfg = Release|Any CPU
		{B2E1019F-58A6-4F4E-A22E-51C54EB61D67}.Release|x86.Build.0 = Release|Any CPU
		{1F0C4F3C-4278-47BE-ADCD-B5C6376D48CA}.Debug|Any CPU.ActiveCfg = Debug|Any CPU
		{1F0C4F3C-4278-47BE-ADCD-B5C6376D48CA}.Debug|Any CPU.Build.0 = Debug|Any CPU
		{1F0C4F3C-4278-47BE-ADCD-B5C6376D48CA}.Debug|x64.ActiveCfg = Debug|Any CPU
		{1F0C4F3C-4278-47BE-ADCD-B5C6376D48CA}.Debug|x64.Build.0 = Debug|Any CPU
		{1F0C4F3C-4278-47BE-ADCD-B5C6376D48CA}.Debug|x86.ActiveCfg = Debug|Any CPU
		{1F0C4F3C-4278-47BE-ADCD-B5C6376D48CA}.Debug|x86.Build.0 = Debug|Any CPU
		{1F0C4F3C-4278-47BE-ADCD-B5C6376D48CA}.Release|Any CPU.ActiveCfg = Release|Any CPU
		{1F0C4F3C-4278-47BE-ADCD-B5C6376D48CA}.Release|Any CPU.Build.0 = Release|Any CPU
		{1F0C4F3C-4278-47BE-ADCD-B5C6376D48CA}.Release|x64.ActiveCfg = Release|Any CPU
		{1F0C4F3C-4278-47BE-ADCD-B5C6376D48CA}.Release|x64.Build.0 = Release|Any CPU
		{1F0C4F3C-4278-47BE-ADCD-B5C6376D48CA}.Release|x86.ActiveCfg = Release|Any CPU
		{1F0C4F3C-4278-47BE-ADCD-B5C6376D48CA}.Release|x86.Build.0 = Release|Any CPU
		{016DC96E-8F2E-40B7-BA9B-211F64476FE4}.Debug|Any CPU.ActiveCfg = Debug|Any CPU
		{016DC96E-8F2E-40B7-BA9B-211F64476FE4}.Debug|Any CPU.Build.0 = Debug|Any CPU
		{016DC96E-8F2E-40B7-BA9B-211F64476FE4}.Debug|x64.ActiveCfg = Debug|Any CPU
		{016DC96E-8F2E-40B7-BA9B-211F64476FE4}.Debug|x64.Build.0 = Debug|Any CPU
		{016DC96E-8F2E-40B7-BA9B-211F64476FE4}.Debug|x86.ActiveCfg = Debug|Any CPU
		{016DC96E-8F2E-40B7-BA9B-211F64476FE4}.Debug|x86.Build.0 = Debug|Any CPU
		{016DC96E-8F2E-40B7-BA9B-211F64476FE4}.Release|Any CPU.ActiveCfg = Release|Any CPU
		{016DC96E-8F2E-40B7-BA9B-211F64476FE4}.Release|Any CPU.Build.0 = Release|Any CPU
		{016DC96E-8F2E-40B7-BA9B-211F64476FE4}.Release|x64.ActiveCfg = Release|Any CPU
		{016DC96E-8F2E-40B7-BA9B-211F64476FE4}.Release|x64.Build.0 = Release|Any CPU
		{016DC96E-8F2E-40B7-BA9B-211F64476FE4}.Release|x86.ActiveCfg = Release|Any CPU
		{016DC96E-8F2E-40B7-BA9B-211F64476FE4}.Release|x86.Build.0 = Release|Any CPU
		{5414E6FD-A9FD-4180-A5BF-E9490395E4C3}.Debug|Any CPU.ActiveCfg = Debug|Any CPU
		{5414E6FD-A9FD-4180-A5BF-E9490395E4C3}.Debug|Any CPU.Build.0 = Debug|Any CPU
		{5414E6FD-A9FD-4180-A5BF-E9490395E4C3}.Debug|x64.ActiveCfg = Debug|Any CPU
		{5414E6FD-A9FD-4180-A5BF-E9490395E4C3}.Debug|x64.Build.0 = Debug|Any CPU
		{5414E6FD-A9FD-4180-A5BF-E9490395E4C3}.Debug|x86.ActiveCfg = Debug|Any CPU
		{5414E6FD-A9FD-4180-A5BF-E9490395E4C3}.Debug|x86.Build.0 = Debug|Any CPU
		{5414E6FD-A9FD-4180-A5BF-E9490395E4C3}.Release|Any CPU.ActiveCfg = Release|Any CPU
		{5414E6FD-A9FD-4180-A5BF-E9490395E4C3}.Release|Any CPU.Build.0 = Release|Any CPU
		{5414E6FD-A9FD-4180-A5BF-E9490395E4C3}.Release|x64.ActiveCfg = Release|Any CPU
		{5414E6FD-A9FD-4180-A5BF-E9490395E4C3}.Release|x64.Build.0 = Release|Any CPU
		{5414E6FD-A9FD-4180-A5BF-E9490395E4C3}.Release|x86.ActiveCfg = Release|Any CPU
		{5414E6FD-A9FD-4180-A5BF-E9490395E4C3}.Release|x86.Build.0 = Release|Any CPU
		{71D4AE27-C5D7-4C41-85A9-B8903BBBDDDC}.Debug|Any CPU.ActiveCfg = Debug|Any CPU
		{71D4AE27-C5D7-4C41-85A9-B8903BBBDDDC}.Debug|Any CPU.Build.0 = Debug|Any CPU
		{71D4AE27-C5D7-4C41-85A9-B8903BBBDDDC}.Debug|x64.ActiveCfg = Debug|Any CPU
		{71D4AE27-C5D7-4C41-85A9-B8903BBBDDDC}.Debug|x64.Build.0 = Debug|Any CPU
		{71D4AE27-C5D7-4C41-85A9-B8903BBBDDDC}.Debug|x86.ActiveCfg = Debug|Any CPU
		{71D4AE27-C5D7-4C41-85A9-B8903BBBDDDC}.Debug|x86.Build.0 = Debug|Any CPU
		{71D4AE27-C5D7-4C41-85A9-B8903BBBDDDC}.Release|Any CPU.ActiveCfg = Release|Any CPU
		{71D4AE27-C5D7-4C41-85A9-B8903BBBDDDC}.Release|Any CPU.Build.0 = Release|Any CPU
		{71D4AE27-C5D7-4C41-85A9-B8903BBBDDDC}.Release|x64.ActiveCfg = Release|Any CPU
		{71D4AE27-C5D7-4C41-85A9-B8903BBBDDDC}.Release|x64.Build.0 = Release|Any CPU
		{71D4AE27-C5D7-4C41-85A9-B8903BBBDDDC}.Release|x86.ActiveCfg = Release|Any CPU
		{71D4AE27-C5D7-4C41-85A9-B8903BBBDDDC}.Release|x86.Build.0 = Release|Any CPU
		{C70A2845-444C-4FBC-BADA-26BFAD9AD47B}.Debug|Any CPU.ActiveCfg = Debug|Any CPU
		{C70A2845-444C-4FBC-BADA-26BFAD9AD47B}.Debug|Any CPU.Build.0 = Debug|Any CPU
		{C70A2845-444C-4FBC-BADA-26BFAD9AD47B}.Debug|x64.ActiveCfg = Debug|Any CPU
		{C70A2845-444C-4FBC-BADA-26BFAD9AD47B}.Debug|x64.Build.0 = Debug|Any CPU
		{C70A2845-444C-4FBC-BADA-26BFAD9AD47B}.Debug|x86.ActiveCfg = Debug|Any CPU
		{C70A2845-444C-4FBC-BADA-26BFAD9AD47B}.Debug|x86.Build.0 = Debug|Any CPU
		{C70A2845-444C-4FBC-BADA-26BFAD9AD47B}.Release|Any CPU.ActiveCfg = Release|Any CPU
		{C70A2845-444C-4FBC-BADA-26BFAD9AD47B}.Release|Any CPU.Build.0 = Release|Any CPU
		{C70A2845-444C-4FBC-BADA-26BFAD9AD47B}.Release|x64.ActiveCfg = Release|Any CPU
		{C70A2845-444C-4FBC-BADA-26BFAD9AD47B}.Release|x64.Build.0 = Release|Any CPU
		{C70A2845-444C-4FBC-BADA-26BFAD9AD47B}.Release|x86.ActiveCfg = Release|Any CPU
		{C70A2845-444C-4FBC-BADA-26BFAD9AD47B}.Release|x86.Build.0 = Release|Any CPU
		{34FD2235-8006-41AF-824D-AE88A2199359}.Debug|Any CPU.ActiveCfg = Debug|Any CPU
		{34FD2235-8006-41AF-824D-AE88A2199359}.Debug|Any CPU.Build.0 = Debug|Any CPU
		{34FD2235-8006-41AF-824D-AE88A2199359}.Debug|x64.ActiveCfg = Debug|Any CPU
		{34FD2235-8006-41AF-824D-AE88A2199359}.Debug|x64.Build.0 = Debug|Any CPU
		{34FD2235-8006-41AF-824D-AE88A2199359}.Debug|x86.ActiveCfg = Debug|Any CPU
		{34FD2235-8006-41AF-824D-AE88A2199359}.Debug|x86.Build.0 = Debug|Any CPU
		{34FD2235-8006-41AF-824D-AE88A2199359}.Release|Any CPU.ActiveCfg = Release|Any CPU
		{34FD2235-8006-41AF-824D-AE88A2199359}.Release|Any CPU.Build.0 = Release|Any CPU
		{34FD2235-8006-41AF-824D-AE88A2199359}.Release|x64.ActiveCfg = Release|Any CPU
		{34FD2235-8006-41AF-824D-AE88A2199359}.Release|x64.Build.0 = Release|Any CPU
		{34FD2235-8006-41AF-824D-AE88A2199359}.Release|x86.ActiveCfg = Release|Any CPU
		{34FD2235-8006-41AF-824D-AE88A2199359}.Release|x86.Build.0 = Release|Any CPU
	EndGlobalSection
	GlobalSection(SolutionProperties) = preSolution
		HideSolutionNode = FALSE
	EndGlobalSection
	GlobalSection(NestedProjects) = preSolution
		{984BB9B3-3FA3-BE33-9484-CAC21695A33C} = {827E0CD3-B72D-47B6-A68D-7590B98EB39B}
		{2571794C-F629-6E69-5BE1-585D0251D503} = {984BB9B3-3FA3-BE33-9484-CAC21695A33C}
		{B2E1019F-58A6-4F4E-A22E-51C54EB61D67} = {2571794C-F629-6E69-5BE1-585D0251D503}
		{1F0C4F3C-4278-47BE-ADCD-B5C6376D48CA} = {2571794C-F629-6E69-5BE1-585D0251D503}
		{016DC96E-8F2E-40B7-BA9B-211F64476FE4} = {2571794C-F629-6E69-5BE1-585D0251D503}
		{5414E6FD-A9FD-4180-A5BF-E9490395E4C3} = {2571794C-F629-6E69-5BE1-585D0251D503}
		{71D4AE27-C5D7-4C41-85A9-B8903BBBDDDC} = {2571794C-F629-6E69-5BE1-585D0251D503}
		{C70A2845-444C-4FBC-BADA-26BFAD9AD47B} = {2571794C-F629-6E69-5BE1-585D0251D503}
		{34FD2235-8006-41AF-824D-AE88A2199359} = {C8E42992-5E42-0C2B-DBFE-AA848D06431C}
		{C8E42992-5E42-0C2B-DBFE-AA848D06431C} = {827E0CD3-B72D-47B6-A68D-7590B98EB39B}
		{B045E501-5141-1E89-B4C7-6693A100DAF5} = {C8E42992-5E42-0C2B-DBFE-AA848D06431C}
		{C534A4B4-8913-19FE-203B-01772FA7B417} = {984BB9B3-3FA3-BE33-9484-CAC21695A33C}
	EndGlobalSection
EndGlobal
